payload:
  - '+.caddyserver.com.cn'
  - '+.cupy.cn'
  - '+.dmlr.cn'
  - '+.git-scm.cn'
  - '+.gptr.com.cn'
  - '+.graphrag.com.cn'
  - '+.holybible.com.cn'
  - '+.langflow.cn'
  - '+.llmd.cn'
  - '+.mdn.org.cn'
  - '+.open-source.com.cn'
  - '+.openwebui.cn'
  - '+.openwebui.com.cn'
  - '+.pptr.cn'
  - '+.pytest.cn'
  - '+.rspack.cn'
  - '+.stackoverflow.com.cn'
  - '+.tauri.org.cn'
  - '+.tortoisesvn.cn'
  - '+.v2ex.cn'
  - '+.wordpresstheme.cn'
  - 'a.tiktokmod.pro'
  - 'reqhfg-launches.appsflyersdk.com'
  - 'update.9mod.com'
